
Microsoft Visual Studio Solution File, Format Version 12.00
# Visual Studio 15
VisualStudioVersion = 15.0.28307.438
MinimumVisualStudioVersion = 10.0.40219.1
Project("{FAE04EC0-301F-11D3-BF4B-00C04F79EFBC}") = "VeterinerKlinik", "VeterinerKlinik\VeterinerKlinik.csproj", "{4F154AF2-8FA2-4D78-AD90-8358437A47AA}"
EndProject
Global
	GlobalSection(SolutionConfigurationPlatforms) = preSolution
		Debug|Any CPU = Debug|Any CPU
		Release|Any CPU = Release|Any CPU
	EndGlobalSection
	GlobalSection(ProjectConfigurationPlatforms) = postSolution
		{4F154AF2-8FA2-4D78-AD90-8358437A47AA}.Debug|Any CPU.ActiveCfg = Debug|Any CPU
		{4F154AF2-8FA2-4D78-AD90-8358437A47AA}.Debug|Any CPU.Build.0 = Debug|Any CPU
		{4F154AF2-8FA2-4D78-AD90-8358437A47AA}.Release|Any CPU.ActiveCfg = Release|Any CPU
		{4F154AF2-8FA2-4D78-AD90-8358437A47AA}.Release|Any CPU.Build.0 = Release|Any CPU
	EndGlobalSection
	GlobalSection(SolutionProperties) = preSolution
		HideSolutionNode = FALSE
	EndGlobalSection
	GlobalSection(ExtensibilityGlobals) = postSolution
		SolutionGuid = {5104AC86-1E91-4519-AEC4-C68444EF30FC}
	EndGlobalSection
EndGlobal
